
Microsoft Visual Studio Solution File, Format Version 12.00
# Visual Studio Version 17
VisualStudioVersion = 17.5.33627.172
MinimumVisualStudioVersion = 10.0.40219.1
Project("{FAE04EC0-301F-11D3-BF4B-00C04F79EFBC}") = "WebApplication8", "WebApplication8\WebApplication8.csproj", "{2742A779-D69A-473C-AAC7-5CC6E56F3AE3}"
EndProject
Global
	GlobalSection(SolutionConfigurationPlatforms) = preSolution
		Debug|Any CPU = Debug|Any CPU
		Release|Any CPU = Release|Any CPU
	EndGlobalSection
	GlobalSection(ProjectConfigurationPlatforms) = postSolution
		{2742A779-D69A-473C-AAC7-5CC6E56F3AE3}.Debug|Any CPU.ActiveCfg = Debug|Any CPU
		{2742A779-D69A-473C-AAC7-5CC6E56F3AE3}.Debug|Any CPU.Build.0 = Debug|Any CPU
		{2742A779-D69A-473C-AAC7-5CC6E56F3AE3}.Release|Any CPU.ActiveCfg = Release|Any CPU
		{2742A779-D69A-473C-AAC7-5CC6E56F3AE3}.Release|Any CPU.Build.0 = Release|Any CPU
	EndGlobalSection
	GlobalSection(SolutionProperties) = preSolution
		HideSolutionNode = FALSE
	EndGlobalSection
	GlobalSection(ExtensibilityGlobals) = postSolution
		SolutionGuid = {AC59445A-308F-45D1-9DF3-CEC7FF163F8B}
	EndGlobalSection
EndGlobal
